// !$*UTF8*$!
{
	archiveVersion = 1;
	classes = {
	};
	objectVersion = 46;
	objects = {

/* Begin PBXBuildFile section */
		5707977A1CD879AA00EE750B /* main.swift in Sources */ = {isa = PBXBuildFile; fileRef = 570797791CD879AA00EE750B /* main.swift */; };
		570797841CD87B3A00EE750B /* corporate_quote.swift in Sources */ = {isa = PBXBuildFile; fileRef = 570797831CD87B3A00EE750B /* corporate_quote.swift */; };
		570797861CD87B9600EE750B /* part.swift in Sources */ = {isa = PBXBuildFile; fileRef = 570797851CD87B9600EE750B /* part.swift */; };
		570797881CD87B9F00EE750B /* service.swift in Sources */ = {isa = PBXBuildFile; fileRef = 570797871CD87B9F00EE750B /* service.swift */; };
		5707978A1CD87BD600EE750B /* mechanic.swift in Sources */ = {isa = PBXBuildFile; fileRef = 570797891CD87BD600EE750B /* mechanic.swift */; };
		5707978C1CD87E8A00EE750B /* date_extensions.swift in Sources */ = {isa = PBXBuildFile; fileRef = 5707978B1CD87E8A00EE750B /* date_extensions.swift */; };
/* End PBXBuildFile section */

/* Begin PBXCopyFilesBuildPhase section */
		570797741CD879AA00EE750B /* CopyFiles */ = {
			isa = PBXCopyFilesBuildPhase;
			buildActionMask = 2147483647;
			dstPath = /usr/share/man/man1/;
			dstSubfolderSpec = 0;
			files = (
			);
			runOnlyForDeploymentPostprocessing = 1;
		};
/* End PBXCopyFilesBuildPhase section */

/* Begin PBXFileReference section */
		570797761CD879AA00EE750B /* Mechanic - Prototype */ = {isa = PBXFileReference; explicitFileType = "compiled.mach-o.executable"; includeInIndex = 0; path = "Mechanic - Prototype"; sourceTree = BUILT_PRODUCTS_DIR; };
		570797791CD879AA00EE750B /* main.swift */ = {isa = PBXFileReference; lastKnownFileType = sourcecode.swift; path = main.swift; sourceTree = "<group>"; };
		570797831CD87B3A00EE750B /* corporate_quote.swift */ = {isa = PBXFileReference; fileEncoding = 4; lastKnownFileType = sourcecode.swift; path = corporate_quote.swift; sourceTree = "<group>"; };
		570797851CD87B9600EE750B /* part.swift */ = {isa = PBXFileReference; fileEncoding = 4; lastKnownFileType = sourcecode.swift; path = part.swift; sourceTree = "<group>"; };
		570797871CD87B9F00EE750B /* service.swift */ = {isa = PBXFileReference; fileEncoding = 4; lastKnownFileType = sourcecode.swift; path = service.swift; sourceTree = "<group>"; };
		570797891CD87BD600EE750B /* mechanic.swift */ = {isa = PBXFileReference; fileEncoding = 4; lastKnownFileType = sourcecode.swift; path = mechanic.swift; sourceTree = "<group>"; };
		5707978B1CD87E8A00EE750B /* date_extensions.swift */ = {isa = PBXFileReference; fileEncoding = 4; lastKnownFileType = sourcecode.swift; path = date_extensions.swift; sourceTree = "<group>"; };
/* End PBXFileReference section */

/* Begin PBXFrameworksBuildPhase section */
		570797731CD879AA00EE750B /* Frameworks */ = {
			isa = PBXFrameworksBuildPhase;
			buildActionMask = 2147483647;
			files = (
			);
			runOnlyForDeploymentPostprocessing = 0;
		};
/* End PBXFrameworksBuildPhase section */

/* Begin PBXGroup section */
		5707976D1CD879AA00EE750B = {
			isa = PBXGroup;
			children = (
				570797781CD879AA00EE750B /* Mechanic - Prototype */,
				570797771CD879AA00EE750B /* Products */,
			);
			sourceTree = "<group>";
		};
		570797771CD879AA00EE750B /* Products */ = {
			isa = PBXGroup;
			children = (
				570797761CD879AA00EE750B /* Mechanic - Prototype */,
			);
			name = Products;
			sourceTree = "<group>";
		};
		570797781CD879AA00EE750B /* Mechanic - Prototype */ = {
			isa = PBXGroup;
			children = (
				570797791CD879AA00EE750B /* main.swift */,
				570797831CD87B3A00EE750B /* corporate_quote.swift */,
				570797851CD87B9600EE750B /* part.swift */,
				570797871CD87B9F00EE750B /* service.swift */,
				570797891CD87BD600EE750B /* mechanic.swift */,
				5707978B1CD87E8A00EE750B /* date_extensions.swift */,
			);
			path = "Mechanic - Prototype";
			sourceTree = "<group>";
		};
/* End PBXGroup section */

/* Begin PBXNativeTarget section */
		570797751CD879AA00EE750B /* Mechanic - Prototype */ = {
			isa = PBXNativeTarget;
			buildConfigurationList = 5707977D1CD879AA00EE750B /* Build configuration list for PBXNativeTarget "Mechanic - Prototype" */;
			buildPhases = (
				570797721CD879AA00EE750B /* Sources */,
				570797731CD879AA00EE750B /* Frameworks */,
				570797741CD879AA00EE750B /* CopyFiles */,
				570797801CD87A1F00EE750B /* ShellScript */,
			);
			buildRules = (
			);
			dependencies = (
			);
			name = "Mechanic - Prototype";
			productName = "Mechanic - Prototype";
			productReference = 570797761CD879AA00EE750B /* Mechanic - Prototype */;
			productType = "com.apple.product-type.tool";
		};
/* End PBXNativeTarget section */

/* Begin PBXProject section */
		5707976E1CD879AA00EE750B /* Project object */ = {
			isa = PBXProject;
			attributes = {
				LastSwiftUpdateCheck = 0720;
				LastUpgradeCheck = 0720;
				ORGANIZATIONNAME = "Reza Shirazian";
				TargetAttributes = {
					570797751CD879AA00EE750B = {
						CreatedOnToolsVersion = 7.2.1;
					};
				};
			};
			buildConfigurationList = 570797711CD879AA00EE750B /* Build configuration list for PBXProject "Mechanic - Prototype" */;
			compatibilityVersion = "Xcode 3.2";
			developmentRegion = English;
			hasScannedForEncodings = 0;
			knownRegions = (
				en,
			);
			mainGroup = 5707976D1CD879AA00EE750B;
			productRefGroup = 570797771CD879AA00EE750B /* Products */;
			projectDirPath = "";
			projectRoot = "";
			targets = (
				570797751CD879AA00EE750B /* Mechanic - Prototype */,
			);
		};
/* End PBXProject section */

/* Begin PBXShellScriptBuildPhase section */
		570797801CD87A1F00EE750B /* ShellScript */ = {
			isa = PBXShellScriptBuildPhase;
			buildActionMask = 2147483647;
			files = (
			);
			inputPaths = (
			);
			outputPaths = (
			);
			runOnlyForDeploymentPostprocessing = 0;
			shellPath = /bin/sh;
			shellScript = "if which swiftlint >/dev/null; then\nswiftlint\nelse\necho \"warning: SwiftLint not installed, download from https://github.com/realm/SwiftLint\"\nfi";
		};
/* End PBXShellScriptBuildPhase section */

/* Begin PBXSourcesBuildPhase section */
		570797721CD879AA00EE750B /* Sources */ = {
			isa = PBXSourcesBuildPhase;
			buildActionMask = 2147483647;
			files = (
				570797841CD87B3A00EE750B /* corporate_quote.swift in Sources */,
				570797881CD87B9F00EE750B /* service.swift in Sources */,
				5707978A1CD87BD600EE750B /* mechanic.swift in Sources */,
				570797861CD87B9600EE750B /* part.swift in Sources */,
				5707977A1CD879AA00EE750B /* main.swift in Sources */,
				5707978C1CD87E8A00EE750B /* date_extensions.swift in Sources */,
			);
			runOnlyForDeploymentPostprocessing = 0;
		};
/* End PBXSourcesBuildPhase section */

/* Begin XCBuildConfiguration section */
		5707977B1CD879AA00EE750B /* Debug */ = {
			isa = XCBuildConfiguration;
			buildSettings = {
				ALWAYS_SEARCH_USER_PATHS = NO;
				CLANG_CXX_LANGUAGE_STANDARD = "gnu++0x";
				CLANG_CXX_LIBRARY = "libc++";
				CLANG_ENABLE_MODULES = YES;
				CLANG_ENABLE_OBJC_ARC = YES;
				CLANG_WARN_BOOL_CONVERSION = YES;
				CLANG_WARN_CONSTANT_CONVERSION = YES;
				CLANG_WARN_DIRECT_OBJC_ISA_USAGE = YES_ERROR;
				CLANG_WARN_EMPTY_BODY = YES;
				CLANG_WARN_ENUM_CONVERSION = YES;
				CLANG_WARN_INT_CONVERSION = YES;
				CLANG_WARN_OBJC_ROOT_CLASS = YES_ERROR;
				CLANG_WARN_UNREACHABLE_CODE = YES;
				CLANG_WARN__DUPLICATE_METHOD_MATCH = YES;
				CODE_SIGN_IDENTITY = "-";
				COPY_PHASE_STRIP = NO;
				DEBUG_INFORMATION_FORMAT = dwarf;
				ENABLE_STRICT_OBJC_MSGSEND = YES;
				ENABLE_TESTABILITY = YES;
				GCC_C_LANGUAGE_STANDARD = gnu99;
				GCC_DYNAMIC_NO_PIC = NO;
				GCC_NO_COMMON_BLOCKS = YES;
				GCC_OPTIMIZATION_LEVEL = 0;
				GCC_PREPROCESSOR_DEFINITIONS = (
					"DEBUG=1",
					"$(inherited)",
				);
				GCC_WARN_64_TO_32_BIT_CONVERSION = YES;
				GCC_WARN_ABOUT_RETURN_TYPE = YES_ERROR;
				GCC_WARN_UNDECLARED_SELECTOR = YES;
				GCC_WARN_UNINITIALIZED_AUTOS = YES_AGGRESSIVE;
				GCC_WARN_UNUSED_FUNCTION = YES;
				GCC_WARN_UNUSED_VARIABLE = YES;
				MACOSX_DEPLOYMENT_TARGET = 10.10;
				MTL_ENABLE_DEBUG_INFO = YES;
				ONLY_ACTIVE_ARCH = YES;
				SDKROOT = macosx;
				SWIFT_OPTIMIZATION_LEVEL = "-Onone";
			};
			name = Debug;
		};
		5707977C1CD879AA00EE750B /* Release */ = {
			isa = XCBuildConfiguration;
			buildSettings = {
				ALWAYS_SEARCH_USER_PATHS = NO;
				CLANG_CXX_LANGUAGE_STANDARD = "gnu++0x";
				CLANG_CXX_LIBRARY = "libc++";
				CLANG_ENABLE_MODULES = YES;
				CLANG_ENABLE_OBJC_ARC = YES;
				CLANG_WARN_BOOL_CONVERSION = YES;
				CLANG_WARN_CONSTANT_CONVERSION = YES;
				CLANG_WARN_DIRECT_OBJC_ISA_USAGE = YES_ERROR;
				CLANG_WARN_EMPTY_BODY = YES;
				CLANG_WARN_ENUM_CONVERSION = YES;
				CLANG_WARN_INT_CONVERSION = YES;
				CLANG_WARN_OBJC_ROOT_CLASS = YES_ERROR;
				CLANG_WARN_UNREACHABLE_CODE = YES;
				CLANG_WARN__DUPLICATE_METHOD_MATCH = YES;
				CODE_SIGN_IDENTITY = "-";
				COPY_PHASE_STRIP = NO;
				DEBUG_INFORMATION_FORMAT = "dwarf-with-dsym";
				ENABLE_NS_ASSERTIONS = NO;
				ENABLE_STRICT_OBJC_MSGSEND = YES;
				GCC_C_LANGUAGE_STANDARD = gnu99;
				GCC_NO_COMMON_BLOCKS = YES;
				GCC_WARN_64_TO_32_BIT_CONVERSION = YES;
				GCC_WARN_ABOUT_RETURN_TYPE = YES_ERROR;
				GCC_WARN_UNDECLARED_SELECTOR = YES;
				GCC_WARN_UNINITIALIZED_AUTOS = YES_AGGRESSIVE;
				GCC_WARN_UNUSED_FUNCTION = YES;
				GCC_WARN_UNUSED_VARIABLE = YES;
				MACOSX_DEPLOYMENT_TARGET = 10.10;
				MTL_ENABLE_DEBUG_INFO = NO;
				SDKROOT = macosx;
			};
			name = Release;
		};
		5707977E1CD879AA00EE750B /* Debug */ = {
			isa = XCBuildConfiguration;
			buildSettings = {
				PRODUCT_NAME = "$(TARGET_NAME)";
			};
			name = Debug;
		};
		5707977F1CD879AA00EE750B /* Release */ = {
			isa = XCBuildConfiguration;
			buildSettings = {
				PRODUCT_NAME = "$(TARGET_NAME)";
			};
			name = Release;
		};
/* End XCBuildConfiguration section */

/* Begin XCConfigurationList section */
		570797711CD879AA00EE750B /* Build configuration list for PBXProject "Mechanic - Prototype" */ = {
			isa = XCConfigurationList;
			buildConfigurations = (
				5707977B1CD879AA00EE750B /* Debug */,
				5707977C1CD879AA00EE750B /* Release */,
			);
			defaultConfigurationIsVisible = 0;
			defaultConfigurationName = Release;
		};
		5707977D1CD879AA00EE750B /* Build configuration list for PBXNativeTarget "Mechanic - Prototype" */ = {
			isa = XCConfigurationList;
			buildConfigurations = (
				5707977E1CD879AA00EE750B /* Debug */,
				5707977F1CD879AA00EE750B /* Release */,
			);
			defaultConfigurationIsVisible = 0;
		};
/* End XCConfigurationList section */
	};
	rootObject = 5707976E1CD879AA00EE750B /* Project object */;
}
